
Microsoft Visual Studio Solution File, Format Version 12.00
# Visual Studio Version 17
VisualStudioVersion = 17.0.31903.59
MinimumVisualStudioVersion = 10.0.40219.1
Project("{FAE04EC0-301F-11D3-BF4B-00C04F79EFBC}") = "Lesson1", "Lesson1\Lesson1.csproj", "{A352958C-FFF7-404B-88D4-E7DE63947FE8}"
EndProject
Project("{FAE04EC0-301F-11D3-BF4B-00C04F79EFBC}") = "CSharpModule.Tasks", "CSharpModule.Tasks\CSharpModule.Tasks.csproj", "{9D434F4B-2A87-4B85-B588-9E3D9215E0CA}"
EndProject
Project("{FAE04EC0-301F-11D3-BF4B-00C04F79EFBC}") = "CSharpModule.Tests", "CSharpModule.Tests\CSharpModule.Tests.csproj", "{90C88B1B-C4AE-4AEF-AA7F-B118FB03FE0B}"
EndProject
Project("{FAE04EC0-301F-11D3-BF4B-00C04F79EFBC}") = "StringOperations", "StringOperations\StringOperations.csproj", "{F159D5F7-E336-4209-A8DC-91AFCC5E6992}"
EndProject
Project("{FAE04EC0-301F-11D3-BF4B-00C04F79EFBC}") = "StringManipulation", "StringManipulation\StringManipulation.csproj", "{5414A128-F499-42FB-A48D-A60F0EAF232C}"
EndProject
Project("{FAE04EC0-301F-11D3-BF4B-00C04F79EFBC}") = "IntegerTypes", "IntegerTypes\IntegerTypes.csproj", "{D2A9D7A9-D945-468C-992F-B5DC03575B1B}"
EndProject
Project("{FAE04EC0-301F-11D3-BF4B-00C04F79EFBC}") = "BigIntegers", "BigIntegers\BigIntegers.csproj", "{59F61568-24AC-40CC-99FB-7525A2BBE97F}"
EndProject
Project("{FAE04EC0-301F-11D3-BF4B-00C04F79EFBC}") = "Overflow", "Overflow\Overflow.csproj", "{12AA64BB-CD91-4000-A8B0-15B303870783}"
EndProject
Project("{FAE04EC0-301F-11D3-BF4B-00C04F79EFBC}") = "Kasrlar", "Kasrlar\Kasrlar.csproj", "{FFF1C497-688D-44A0-A32C-746016A6286B}"
EndProject
Project("{FAE04EC0-301F-11D3-BF4B-00C04F79EFBC}") = "Operators", "Operators\Operators.csproj", "{2D903586-0C62-40CD-87BD-661A9B6C1584}"
EndProject
Project("{FAE04EC0-301F-11D3-BF4B-00C04F79EFBC}") = "Nullable", "Nullable\Nullable.csproj", "{02BD9E06-FFDB-4E36-912A-0D3ADD24BC5E}"
EndProject
Project("{FAE04EC0-301F-11D3-BF4B-00C04F79EFBC}") = "Conditional", "Conditional\Conditional.csproj", "{EEBE5476-0319-493F-A821-A05CDEBFAACE}"
EndProject
Project("{FAE04EC0-301F-11D3-BF4B-00C04F79EFBC}") = "SwitchStatements", "SwitchStatements\SwitchStatements.csproj", "{9B46D7D9-10D3-46BE-B9ED-BAD30702E432}"
EndProject
Project("{FAE04EC0-301F-11D3-BF4B-00C04F79EFBC}") = "Structure", "Structure\Structure.csproj", "{CD7B9FBF-E7BB-4976-8065-A2A5F8670740}"
EndProject
Project("{FAE04EC0-301F-11D3-BF4B-00C04F79EFBC}") = "KichikShaxzoda", "KichikShaxzoda\KichikShaxzoda.csproj", "{F9E2FC45-215C-499C-9E0C-0C2ED69F2D68}"
EndProject
Project("{FAE04EC0-301F-11D3-BF4B-00C04F79EFBC}") = "EnumType", "EnumType\EnumType.csproj", "{4C4D032E-8FF8-4C76-ADDA-AB960574BED8}"
EndProject
Project("{FAE04EC0-301F-11D3-BF4B-00C04F79EFBC}") = "PatternMatching", "PatternMatching\PatternMatching.csproj", "{4F47CCA4-848F-4E89-A0D8-41CE064F3358}"
EndProject
Project("{FAE04EC0-301F-11D3-BF4B-00C04F79EFBC}") = "Playground", "Playground\Playground.csproj", "{86A0AFBA-2996-47F3-9EF5-D3FB3346C817}"
EndProject
Project("{FAE04EC0-301F-11D3-BF4B-00C04F79EFBC}") = "Records", "Records\Records.csproj", "{0D127CF2-D735-432D-979D-B3915066BEFF}"
EndProject
Project("{FAE04EC0-301F-11D3-BF4B-00C04F79EFBC}") = "LinkedList", "LinkedList\LinkedList.csproj", "{6D9434AF-560B-4704-A886-BB7CF65725FA}"
EndProject
Project("{FAE04EC0-301F-11D3-BF4B-00C04F79EFBC}") = "Staticlar", "Staticlar\Staticlar.csproj", "{8E0D0C26-6F39-48A2-B327-266BF4EF47D2}"
EndProject
Project("{FAE04EC0-301F-11D3-BF4B-00C04F79EFBC}") = "Collections", "Collections\Collections.csproj", "{FD22D948-73FE-4B35-BAA0-93E2B48A784B}"
EndProject
Project("{FAE04EC0-301F-11D3-BF4B-00C04F79EFBC}") = "Loops", "Loops\Loops.csproj", "{57F0D90C-8C00-4AFD-8F5D-38AD88CE2294}"
EndProject
Global
	GlobalSection(SolutionConfigurationPlatforms) = preSolution
		Debug|Any CPU = Debug|Any CPU
		Release|Any CPU = Release|Any CPU
	EndGlobalSection
	GlobalSection(ProjectConfigurationPlatforms) = postSolution
		{A352958C-FFF7-404B-88D4-E7DE63947FE8}.Debug|Any CPU.ActiveCfg = Debug|Any CPU
		{A352958C-FFF7-404B-88D4-E7DE63947FE8}.Debug|Any CPU.Build.0 = Debug|Any CPU
		{A352958C-FFF7-404B-88D4-E7DE63947FE8}.Release|Any CPU.ActiveCfg = Release|Any CPU
		{A352958C-FFF7-404B-88D4-E7DE63947FE8}.Release|Any CPU.Build.0 = Release|Any CPU
		{9D434F4B-2A87-4B85-B588-9E3D9215E0CA}.Debug|Any CPU.ActiveCfg = Debug|Any CPU
		{9D434F4B-2A87-4B85-B588-9E3D9215E0CA}.Debug|Any CPU.Build.0 = Debug|Any CPU
		{9D434F4B-2A87-4B85-B588-9E3D9215E0CA}.Release|Any CPU.ActiveCfg = Release|Any CPU
		{9D434F4B-2A87-4B85-B588-9E3D9215E0CA}.Release|Any CPU.Build.0 = Release|Any CPU
		{90C88B1B-C4AE-4AEF-AA7F-B118FB03FE0B}.Debug|Any CPU.ActiveCfg = Debug|Any CPU
		{90C88B1B-C4AE-4AEF-AA7F-B118FB03FE0B}.Debug|Any CPU.Build.0 = Debug|Any CPU
		{90C88B1B-C4AE-4AEF-AA7F-B118FB03FE0B}.Release|Any CPU.ActiveCfg = Release|Any CPU
		{90C88B1B-C4AE-4AEF-AA7F-B118FB03FE0B}.Release|Any CPU.Build.0 = Release|Any CPU
		{F159D5F7-E336-4209-A8DC-91AFCC5E6992}.Debug|Any CPU.ActiveCfg = Debug|Any CPU
		{F159D5F7-E336-4209-A8DC-91AFCC5E6992}.Debug|Any CPU.Build.0 = Debug|Any CPU
		{F159D5F7-E336-4209-A8DC-91AFCC5E6992}.Release|Any CPU.ActiveCfg = Release|Any CPU
		{F159D5F7-E336-4209-A8DC-91AFCC5E6992}.Release|Any CPU.Build.0 = Release|Any CPU
		{5414A128-F499-42FB-A48D-A60F0EAF232C}.Debug|Any CPU.ActiveCfg = Debug|Any CPU
		{5414A128-F499-42FB-A48D-A60F0EAF232C}.Debug|Any CPU.Build.0 = Debug|Any CPU
		{5414A128-F499-42FB-A48D-A60F0EAF232C}.Release|Any CPU.ActiveCfg = Release|Any CPU
		{5414A128-F499-42FB-A48D-A60F0EAF232C}.Release|Any CPU.Build.0 = Release|Any CPU
		{D2A9D7A9-D945-468C-992F-B5DC03575B1B}.Debug|Any CPU.ActiveCfg = Debug|Any CPU
		{D2A9D7A9-D945-468C-992F-B5DC03575B1B}.Debug|Any CPU.Build.0 = Debug|Any CPU
		{D2A9D7A9-D945-468C-992F-B5DC03575B1B}.Release|Any CPU.ActiveCfg = Release|Any CPU
		{D2A9D7A9-D945-468C-992F-B5DC03575B1B}.Release|Any CPU.Build.0 = Release|Any CPU
		{59F61568-24AC-40CC-99FB-7525A2BBE97F}.Debug|Any CPU.ActiveCfg = Debug|Any CPU
		{59F61568-24AC-40CC-99FB-7525A2BBE97F}.Debug|Any CPU.Build.0 = Debug|Any CPU
		{59F61568-24AC-40CC-99FB-7525A2BBE97F}.Release|Any CPU.ActiveCfg = Release|Any CPU
		{59F61568-24AC-40CC-99FB-7525A2BBE97F}.Release|Any CPU.Build.0 = Release|Any CPU
		{12AA64BB-CD91-4000-A8B0-15B303870783}.Debug|Any CPU.ActiveCfg = Debug|Any CPU
		{12AA64BB-CD91-4000-A8B0-15B303870783}.Debug|Any CPU.Build.0 = Debug|Any CPU
		{12AA64BB-CD91-4000-A8B0-15B303870783}.Release|Any CPU.ActiveCfg = Release|Any CPU
		{12AA64BB-CD91-4000-A8B0-15B303870783}.Release|Any CPU.Build.0 = Release|Any CPU
		{FFF1C497-688D-44A0-A32C-746016A6286B}.Debug|Any CPU.ActiveCfg = Debug|Any CPU
		{FFF1C497-688D-44A0-A32C-746016A6286B}.Debug|Any CPU.Build.0 = Debug|Any CPU
		{FFF1C497-688D-44A0-A32C-746016A6286B}.Release|Any CPU.ActiveCfg = Release|Any CPU
		{FFF1C497-688D-44A0-A32C-746016A6286B}.Release|Any CPU.Build.0 = Release|Any CPU
		{2D903586-0C62-40CD-87BD-661A9B6C1584}.Debug|Any CPU.ActiveCfg = Debug|Any CPU
		{2D903586-0C62-40CD-87BD-661A9B6C1584}.Debug|Any CPU.Build.0 = Debug|Any CPU
		{2D903586-0C62-40CD-87BD-661A9B6C1584}.Release|Any CPU.ActiveCfg = Release|Any CPU
		{2D903586-0C62-40CD-87BD-661A9B6C1584}.Release|Any CPU.Build.0 = Release|Any CPU
		{02BD9E06-FFDB-4E36-912A-0D3ADD24BC5E}.Debug|Any CPU.ActiveCfg = Debug|Any CPU
		{02BD9E06-FFDB-4E36-912A-0D3ADD24BC5E}.Debug|Any CPU.Build.0 = Debug|Any CPU
		{02BD9E06-FFDB-4E36-912A-0D3ADD24BC5E}.Release|Any CPU.ActiveCfg = Release|Any CPU
		{02BD9E06-FFDB-4E36-912A-0D3ADD24BC5E}.Release|Any CPU.Build.0 = Release|Any CPU
		{EEBE5476-0319-493F-A821-A05CDEBFAACE}.Debug|Any CPU.ActiveCfg = Debug|Any CPU
		{EEBE5476-0319-493F-A821-A05CDEBFAACE}.Debug|Any CPU.Build.0 = Debug|Any CPU
		{EEBE5476-0319-493F-A821-A05CDEBFAACE}.Release|Any CPU.ActiveCfg = Release|Any CPU
		{EEBE5476-0319-493F-A821-A05CDEBFAACE}.Release|Any CPU.Build.0 = Release|Any CPU
		{9B46D7D9-10D3-46BE-B9ED-BAD30702E432}.Debug|Any CPU.ActiveCfg = Debug|Any CPU
		{9B46D7D9-10D3-46BE-B9ED-BAD30702E432}.Debug|Any CPU.Build.0 = Debug|Any CPU
		{9B46D7D9-10D3-46BE-B9ED-BAD30702E432}.Release|Any CPU.ActiveCfg = Release|Any CPU
		{9B46D7D9-10D3-46BE-B9ED-BAD30702E432}.Release|Any CPU.Build.0 = Release|Any CPU
		{CD7B9FBF-E7BB-4976-8065-A2A5F8670740}.Debug|Any CPU.ActiveCfg = Debug|Any CPU
		{CD7B9FBF-E7BB-4976-8065-A2A5F8670740}.Debug|Any CPU.Build.0 = Debug|Any CPU
		{CD7B9FBF-E7BB-4976-8065-A2A5F8670740}.Release|Any CPU.ActiveCfg = Release|Any CPU
		{CD7B9FBF-E7BB-4976-8065-A2A5F8670740}.Release|Any CPU.Build.0 = Release|Any CPU
		{F9E2FC45-215C-499C-9E0C-0C2ED69F2D68}.Debug|Any CPU.ActiveCfg = Debug|Any CPU
		{F9E2FC45-215C-499C-9E0C-0C2ED69F2D68}.Debug|Any CPU.Build.0 = Debug|Any CPU
		{F9E2FC45-215C-499C-9E0C-0C2ED69F2D68}.Release|Any CPU.ActiveCfg = Release|Any CPU
		{F9E2FC45-215C-499C-9E0C-0C2ED69F2D68}.Release|Any CPU.Build.0 = Release|Any CPU
		{4C4D032E-8FF8-4C76-ADDA-AB960574BED8}.Debug|Any CPU.ActiveCfg = Debug|Any CPU
		{4C4D032E-8FF8-4C76-ADDA-AB960574BED8}.Debug|Any CPU.Build.0 = Debug|Any CPU
		{4C4D032E-8FF8-4C76-ADDA-AB960574BED8}.Release|Any CPU.ActiveCfg = Release|Any CPU
		{4C4D032E-8FF8-4C76-ADDA-AB960574BED8}.Release|Any CPU.Build.0 = Release|Any CPU
		{4F47CCA4-848F-4E89-A0D8-41CE064F3358}.Debug|Any CPU.ActiveCfg = Debug|Any CPU
		{4F47CCA4-848F-4E89-A0D8-41CE064F3358}.Debug|Any CPU.Build.0 = Debug|Any CPU
		{4F47CCA4-848F-4E89-A0D8-41CE064F3358}.Release|Any CPU.ActiveCfg = Release|Any CPU
		{4F47CCA4-848F-4E89-A0D8-41CE064F3358}.Release|Any CPU.Build.0 = Release|Any CPU
		{74D39A78-BE79-4A34-A896-059B18509833}.Debug|Any CPU.ActiveCfg = Debug|Any CPU
		{74D39A78-BE79-4A34-A896-059B18509833}.Debug|Any CPU.Build.0 = Debug|Any CPU
		{74D39A78-BE79-4A34-A896-059B18509833}.Release|Any CPU.ActiveCfg = Release|Any CPU
		{74D39A78-BE79-4A34-A896-059B18509833}.Release|Any CPU.Build.0 = Release|Any CPU
		{86A0AFBA-2996-47F3-9EF5-D3FB3346C817}.Debug|Any CPU.ActiveCfg = Debug|Any CPU
		{86A0AFBA-2996-47F3-9EF5-D3FB3346C817}.Debug|Any CPU.Build.0 = Debug|Any CPU
		{86A0AFBA-2996-47F3-9EF5-D3FB3346C817}.Release|Any CPU.ActiveCfg = Release|Any CPU
		{86A0AFBA-2996-47F3-9EF5-D3FB3346C817}.Release|Any CPU.Build.0 = Release|Any CPU
		{0D127CF2-D735-432D-979D-B3915066BEFF}.Debug|Any CPU.ActiveCfg = Debug|Any CPU
		{0D127CF2-D735-432D-979D-B3915066BEFF}.Debug|Any CPU.Build.0 = Debug|Any CPU
		{0D127CF2-D735-432D-979D-B3915066BEFF}.Release|Any CPU.ActiveCfg = Release|Any CPU
		{0D127CF2-D735-432D-979D-B3915066BEFF}.Release|Any CPU.Build.0 = Release|Any CPU
		{6D9434AF-560B-4704-A886-BB7CF65725FA}.Debug|Any CPU.ActiveCfg = Debug|Any CPU
		{6D9434AF-560B-4704-A886-BB7CF65725FA}.Debug|Any CPU.Build.0 = Debug|Any CPU
		{6D9434AF-560B-4704-A886-BB7CF65725FA}.Release|Any CPU.ActiveCfg = Release|Any CPU
		{6D9434AF-560B-4704-A886-BB7CF65725FA}.Release|Any CPU.Build.0 = Release|Any CPU
		{8E0D0C26-6F39-48A2-B327-266BF4EF47D2}.Debug|Any CPU.ActiveCfg = Debug|Any CPU
		{8E0D0C26-6F39-48A2-B327-266BF4EF47D2}.Debug|Any CPU.Build.0 = Debug|Any CPU
		{8E0D0C26-6F39-48A2-B327-266BF4EF47D2}.Release|Any CPU.ActiveCfg = Release|Any CPU
		{8E0D0C26-6F39-48A2-B327-266BF4EF47D2}.Release|Any CPU.Build.0 = Release|Any CPU
		{FD22D948-73FE-4B35-BAA0-93E2B48A784B}.Debug|Any CPU.ActiveCfg = Debug|Any CPU
		{FD22D948-73FE-4B35-BAA0-93E2B48A784B}.Debug|Any CPU.Build.0 = Debug|Any CPU
		{FD22D948-73FE-4B35-BAA0-93E2B48A784B}.Release|Any CPU.ActiveCfg = Release|Any CPU
		{FD22D948-73FE-4B35-BAA0-93E2B48A784B}.Release|Any CPU.Build.0 = Release|Any CPU
		{57F0D90C-8C00-4AFD-8F5D-38AD88CE2294}.Debug|Any CPU.ActiveCfg = Debug|Any CPU
		{57F0D90C-8C00-4AFD-8F5D-38AD88CE2294}.Debug|Any CPU.Build.0 = Debug|Any CPU
		{57F0D90C-8C00-4AFD-8F5D-38AD88CE2294}.Release|Any CPU.ActiveCfg = Release|Any CPU
		{57F0D90C-8C00-4AFD-8F5D-38AD88CE2294}.Release|Any CPU.Build.0 = Release|Any CPU
	EndGlobalSection
	GlobalSection(SolutionProperties) = preSolution
		HideSolutionNode = FALSE
	EndGlobalSection
EndGlobal
